
Microsoft Visual Studio Solution File, Format Version 12.00
# Visual Studio Version 17
VisualStudioVersion = 17.0.31903.59
MinimumVisualStudioVersion = 10.0.40219.1
Project("{2150E333-8FDC-42A3-9474-1A3956D46DE8}") = "benchmarks", "benchmarks", "{2D90A3E1-5D93-46F1-901B-C92C0620D72D}"
	ProjectSection(SolutionItems) = preProject
		benchmarks\Directory.Build.props = benchmarks\Directory.Build.props
	EndProjectSection
EndProject
Project("{FAE04EC0-301F-11D3-BF4B-00C04F79EFBC}") = "BBUnit.Benchmarks", "benchmarks\BBUnit.Benchmarks\BBUnit.Benchmarks.csproj", "{E597D566-B2F7-489A-B49D-5DBFA398E528}"
EndProject
Project("{2150E333-8FDC-42A3-9474-1A3956D46DE8}") = "src", "src", "{56D1843C-188D-48C2-9279-CAB1A6914D5E}"
	ProjectSection(SolutionItems) = preProject
		src\Directory.Build.props = src\Directory.Build.props
	EndProjectSection
EndProject
Project("{FAE04EC0-301F-11D3-BF4B-00C04F79EFBC}") = "BBUnit", "src\BBUnit\BBUnit.csproj", "{7C45E9AF-1B4F-48C7-9FAF-12331CF21AFF}"
EndProject
Project("{FAE04EC0-301F-11D3-BF4B-00C04F79EFBC}") = "BBUnit.Analyzers", "src\BBUnit.Analyzers\BBUnit.Analyzers.csproj", "{844E2BDB-7421-4E1A-9ECA-43A7D6B42CFB}"
EndProject
Project("{2150E333-8FDC-42A3-9474-1A3956D46DE8}") = "tests", "tests", "{C900D3B0-0025-400C-8266-59028BAF827E}"
	ProjectSection(SolutionItems) = preProject
		tests\Directory.Build.props = tests\Directory.Build.props
	EndProjectSection
EndProject
Project("{2150E333-8FDC-42A3-9474-1A3956D46DE8}") = ".sln", ".sln", "{3E13778F-DFE8-23A5-3B5D-C21CECD86E62}"
	ProjectSection(SolutionItems) = preProject
		.editorconfig = .editorconfig
		.gitignore = .gitignore
		Directory.Build.props = Directory.Build.props
		Directory.Packages.props = Directory.Packages.props
		README.md = README.md
		.markdownlint.yml = .markdownlint.yml
		stylecop.json = stylecop.json
		LICENSE.md = LICENSE.md
	EndProjectSection
EndProject
Project("{FAE04EC0-301F-11D3-BF4B-00C04F79EFBC}") = "BBUnit.Runtime", "src\BBUnit.Runtime\BBUnit.Runtime.csproj", "{A0D214AB-C207-4363-9B4F-6AA57C38E2A5}"
EndProject
Project("{2150E333-8FDC-42A3-9474-1A3956D46DE8}") = "DL", "DL", "{E8625A8E-5E22-F697-DD19-1CCBA56E618D}"
	ProjectSection(SolutionItems) = preProject
		DL\DR0001 - Test Discovery: Attributes vs. Interfaces.md = DL\DR0001 - Test Discovery: Attributes vs. Interfaces.md
		DL\README.md = DL\README.md
	EndProjectSection
EndProject
Project("{FAE04EC0-301F-11D3-BF4B-00C04F79EFBC}") = "BBUnit.TestAdapter", "src\BBUnit.TestAdapter\BBUnit.TestAdapter.csproj", "{A96978A8-D64F-4AD4-8927-B7D631078677}"
EndProject
Project("{FAE04EC0-301F-11D3-BF4B-00C04F79EFBC}") = "BBUnit.Analyzers.Tests", "tests\BBUnit.Analyzers.Tests\BBUnit.Analyzers.Tests.csproj", "{BCCCE339-0658-43D3-8982-E0AD6472F4BD}"
EndProject
Project("{FAE04EC0-301F-11D3-BF4B-00C04F79EFBC}") = "BBUnit.Runtime.Tests", "tests\BBUnit.Runtime.Tests\BBUnit.Runtime.Tests.csproj", "{2F1349C4-43DF-4BD7-9CBB-672C40398753}"
EndProject
Project("{FAE04EC0-301F-11D3-BF4B-00C04F79EFBC}") = "BBUnit.TestAdapter.Tests", "tests\BBUnit.TestAdapter.Tests\BBUnit.TestAdapter.Tests.csproj", "{D4D82B7E-BCD7-410D-BF51-E8705B6F12BA}"
EndProject
Project("{FAE04EC0-301F-11D3-BF4B-00C04F79EFBC}") = "BBUnit.Tests", "tests\BBUnit.Tests\BBUnit.Tests.csproj", "{980E72B5-9FE1-43BC-BB77-2C18EE5BB91D}"
EndProject
Project("{2150E333-8FDC-42A3-9474-1A3956D46DE8}") = "docs", "docs", "{208BA388-4CEE-2CBF-559C-5607C099C1F8}"
EndProject
Project("{2150E333-8FDC-42A3-9474-1A3956D46DE8}") = "UserGuide", "UserGuide", "{FFF46EB4-DBE4-4E31-9EDB-4F4024CCC218}"
	ProjectSection(SolutionItems) = preProject
		docs\UserGuide\SkippingTestCases.md = docs\UserGuide\SkippingTestCases.md
	EndProjectSection
EndProject
Global
	GlobalSection(SolutionConfigurationPlatforms) = preSolution
		Debug|Any CPU = Debug|Any CPU
		Release|Any CPU = Release|Any CPU
	EndGlobalSection
	GlobalSection(ProjectConfigurationPlatforms) = postSolution
		{E597D566-B2F7-489A-B49D-5DBFA398E528}.Debug|Any CPU.ActiveCfg = Debug|Any CPU
		{E597D566-B2F7-489A-B49D-5DBFA398E528}.Debug|Any CPU.Build.0 = Debug|Any CPU
		{E597D566-B2F7-489A-B49D-5DBFA398E528}.Release|Any CPU.ActiveCfg = Release|Any CPU
		{E597D566-B2F7-489A-B49D-5DBFA398E528}.Release|Any CPU.Build.0 = Release|Any CPU
		{7C45E9AF-1B4F-48C7-9FAF-12331CF21AFF}.Debug|Any CPU.ActiveCfg = Debug|Any CPU
		{7C45E9AF-1B4F-48C7-9FAF-12331CF21AFF}.Debug|Any CPU.Build.0 = Debug|Any CPU
		{7C45E9AF-1B4F-48C7-9FAF-12331CF21AFF}.Release|Any CPU.ActiveCfg = Release|Any CPU
		{7C45E9AF-1B4F-48C7-9FAF-12331CF21AFF}.Release|Any CPU.Build.0 = Release|Any CPU
		{844E2BDB-7421-4E1A-9ECA-43A7D6B42CFB}.Debug|Any CPU.ActiveCfg = Debug|Any CPU
		{844E2BDB-7421-4E1A-9ECA-43A7D6B42CFB}.Debug|Any CPU.Build.0 = Debug|Any CPU
		{844E2BDB-7421-4E1A-9ECA-43A7D6B42CFB}.Release|Any CPU.ActiveCfg = Release|Any CPU
		{844E2BDB-7421-4E1A-9ECA-43A7D6B42CFB}.Release|Any CPU.Build.0 = Release|Any CPU
		{A0D214AB-C207-4363-9B4F-6AA57C38E2A5}.Debug|Any CPU.ActiveCfg = Debug|Any CPU
		{A0D214AB-C207-4363-9B4F-6AA57C38E2A5}.Debug|Any CPU.Build.0 = Debug|Any CPU
		{A0D214AB-C207-4363-9B4F-6AA57C38E2A5}.Release|Any CPU.ActiveCfg = Release|Any CPU
		{A0D214AB-C207-4363-9B4F-6AA57C38E2A5}.Release|Any CPU.Build.0 = Release|Any CPU
		{A96978A8-D64F-4AD4-8927-B7D631078677}.Debug|Any CPU.ActiveCfg = Debug|Any CPU
		{A96978A8-D64F-4AD4-8927-B7D631078677}.Debug|Any CPU.Build.0 = Debug|Any CPU
		{A96978A8-D64F-4AD4-8927-B7D631078677}.Release|Any CPU.ActiveCfg = Release|Any CPU
		{A96978A8-D64F-4AD4-8927-B7D631078677}.Release|Any CPU.Build.0 = Release|Any CPU
		{BCCCE339-0658-43D3-8982-E0AD6472F4BD}.Debug|Any CPU.ActiveCfg = Debug|Any CPU
		{BCCCE339-0658-43D3-8982-E0AD6472F4BD}.Debug|Any CPU.Build.0 = Debug|Any CPU
		{BCCCE339-0658-43D3-8982-E0AD6472F4BD}.Release|Any CPU.ActiveCfg = Release|Any CPU
		{BCCCE339-0658-43D3-8982-E0AD6472F4BD}.Release|Any CPU.Build.0 = Release|Any CPU
		{2F1349C4-43DF-4BD7-9CBB-672C40398753}.Debug|Any CPU.ActiveCfg = Debug|Any CPU
		{2F1349C4-43DF-4BD7-9CBB-672C40398753}.Debug|Any CPU.Build.0 = Debug|Any CPU
		{2F1349C4-43DF-4BD7-9CBB-672C40398753}.Release|Any CPU.ActiveCfg = Release|Any CPU
		{2F1349C4-43DF-4BD7-9CBB-672C40398753}.Release|Any CPU.Build.0 = Release|Any CPU
		{D4D82B7E-BCD7-410D-BF51-E8705B6F12BA}.Debug|Any CPU.ActiveCfg = Debug|Any CPU
		{D4D82B7E-BCD7-410D-BF51-E8705B6F12BA}.Debug|Any CPU.Build.0 = Debug|Any CPU
		{D4D82B7E-BCD7-410D-BF51-E8705B6F12BA}.Release|Any CPU.ActiveCfg = Release|Any CPU
		{D4D82B7E-BCD7-410D-BF51-E8705B6F12BA}.Release|Any CPU.Build.0 = Release|Any CPU
		{980E72B5-9FE1-43BC-BB77-2C18EE5BB91D}.Debug|Any CPU.ActiveCfg = Debug|Any CPU
		{980E72B5-9FE1-43BC-BB77-2C18EE5BB91D}.Debug|Any CPU.Build.0 = Debug|Any CPU
		{980E72B5-9FE1-43BC-BB77-2C18EE5BB91D}.Release|Any CPU.ActiveCfg = Release|Any CPU
		{980E72B5-9FE1-43BC-BB77-2C18EE5BB91D}.Release|Any CPU.Build.0 = Release|Any CPU
	EndGlobalSection
	GlobalSection(SolutionProperties) = preSolution
		HideSolutionNode = FALSE
	EndGlobalSection
	GlobalSection(NestedProjects) = preSolution
		{E597D566-B2F7-489A-B49D-5DBFA398E528} = {2D90A3E1-5D93-46F1-901B-C92C0620D72D}
		{7C45E9AF-1B4F-48C7-9FAF-12331CF21AFF} = {56D1843C-188D-48C2-9279-CAB1A6914D5E}
		{844E2BDB-7421-4E1A-9ECA-43A7D6B42CFB} = {56D1843C-188D-48C2-9279-CAB1A6914D5E}
		{A0D214AB-C207-4363-9B4F-6AA57C38E2A5} = {56D1843C-188D-48C2-9279-CAB1A6914D5E}
		{A96978A8-D64F-4AD4-8927-B7D631078677} = {56D1843C-188D-48C2-9279-CAB1A6914D5E}
		{BCCCE339-0658-43D3-8982-E0AD6472F4BD} = {C900D3B0-0025-400C-8266-59028BAF827E}
		{2F1349C4-43DF-4BD7-9CBB-672C40398753} = {C900D3B0-0025-400C-8266-59028BAF827E}
		{D4D82B7E-BCD7-410D-BF51-E8705B6F12BA} = {C900D3B0-0025-400C-8266-59028BAF827E}
		{980E72B5-9FE1-43BC-BB77-2C18EE5BB91D} = {C900D3B0-0025-400C-8266-59028BAF827E}
		{FFF46EB4-DBE4-4E31-9EDB-4F4024CCC218} = {208BA388-4CEE-2CBF-559C-5607C099C1F8}
	EndGlobalSection
EndGlobal
